
Microsoft Visual Studio Solution File, Format Version 12.00
# Visual Studio 15
VisualStudioVersion = 15.0.28307.136
MinimumVisualStudioVersion = 10.0.40219.1
Project("{9A19103F-16F7-4668-BE54-9A1E7A4F7556}") = "LambdaForums", "LambdaForums\LambdaForums.csproj", "{91291BD3-EEEC-4071-AA87-0464D576B395}"
EndProject
Project("{FAE04EC0-301F-11D3-BF4B-00C04F79EFBC}") = "LambdaForums.Data", "LambdaForums.Data\LambdaForums.Data.csproj", "{803899A8-4CC4-4C93-9515-8D23389EA481}"
EndProject
Project("{FAE04EC0-301F-11D3-BF4B-00C04F79EFBC}") = "LambdaForums.Service", "LambdaForums.Service\LambdaForums.Service.csproj", "{14F2AE2B-EF6B-4B0A-AB77-3DD25EE939EC}"
EndProject
Global
	GlobalSection(SolutionConfigurationPlatforms) = preSolution
		Debug|Any CPU = Debug|Any CPU
		Release|Any CPU = Release|Any CPU
	EndGlobalSection
	GlobalSection(ProjectConfigurationPlatforms) = postSolution
		{91291BD3-EEEC-4071-AA87-0464D576B395}.Debug|Any CPU.ActiveCfg = Debug|Any CPU
		{91291BD3-EEEC-4071-AA87-0464D576B395}.Debug|Any CPU.Build.0 = Debug|Any CPU
		{91291BD3-EEEC-4071-AA87-0464D576B395}.Release|Any CPU.ActiveCfg = Release|Any CPU
		{91291BD3-EEEC-4071-AA87-0464D576B395}.Release|Any CPU.Build.0 = Release|Any CPU
		{803899A8-4CC4-4C93-9515-8D23389EA481}.Debug|Any CPU.ActiveCfg = Debug|Any CPU
		{803899A8-4CC4-4C93-9515-8D23389EA481}.Debug|Any CPU.Build.0 = Debug|Any CPU
		{803899A8-4CC4-4C93-9515-8D23389EA481}.Release|Any CPU.ActiveCfg = Release|Any CPU
		{803899A8-4CC4-4C93-9515-8D23389EA481}.Release|Any CPU.Build.0 = Release|Any CPU
		{14F2AE2B-EF6B-4B0A-AB77-3DD25EE939EC}.Debug|Any CPU.ActiveCfg = Debug|Any CPU
		{14F2AE2B-EF6B-4B0A-AB77-3DD25EE939EC}.Debug|Any CPU.Build.0 = Debug|Any CPU
		{14F2AE2B-EF6B-4B0A-AB77-3DD25EE939EC}.Release|Any CPU.ActiveCfg = Release|Any CPU
		{14F2AE2B-EF6B-4B0A-AB77-3DD25EE939EC}.Release|Any CPU.Build.0 = Release|Any CPU
	EndGlobalSection
	GlobalSection(SolutionProperties) = preSolution
		HideSolutionNode = FALSE
	EndGlobalSection
	GlobalSection(ExtensibilityGlobals) = postSolution
		SolutionGuid = {3923889D-E0FB-4ACE-B27F-7DCF47605872}
	EndGlobalSection
EndGlobal
